version = 1
revision = 3
requires-python = ">=3.11"

[[package]]
name = "colorama"
version = "0.4.6"
source = { registry = "https://pypi.org/simple" }
sdist = { url = "https://files.pythonhosted.org/packages/d8/53/6f443c9a4a8358a93a6792e2acffb9d9d5cb0a5cfd8802644b7b1c9a02e4/colorama-0.4.6.tar.gz", hash = "sha256:08695f5cb7ed6e0531a20572697297273c47b8cae5a63ffc6d6ed5c201be6e44", size = 27697, upload-time = "2022-10-25T02:36:22.414Z" }
wheels = [
    { url = "https://files.pythonhosted.org/packages/d1/d6/3965ed04c63042e047cb6a3e6ed1a63a35087b6a609aa3a15ed8ac56c221/colorama-0.4.6-py2.py3-none-any.whl", hash = "sha256:4f1d9991f5acc0ca119f9d443620b77f9d6b33703e51011c16baf57afb285fc6", size = 25335, upload-time = "2022-10-25T02:36:20.889Z" },
]

[[package]]
name = "grpcio"
version = "1.83.0"
source = { registry = "https://pypi.org/simple" }
dependencies = [
    { name = "typing-extensions" },
]
sdist = { url = "https://files.pythonhosted.org/packages/0c/98/304898ac4e04e2d5e4e4c2eadc178b1f2a16d5f4bc2f91306c87d64680b9/grpcio-1.83.0.tar.gz", hash = "sha256:7674587248fbbb2ac6e4eecf83a8a0f3d91a928f941de571acfd3a2f007fbc24", size = 13428824, upload-time = "2026-07-23T15:20:37.759Z" }
wheels = [
    { url = "https://files.pythonhosted.org/packages/d3/f6/3b781cd07a715ea5f5125ae264226e7fc4d87603d6d3955022cabfdc5da2/grpcio-1.83.0-cp311-cp311-linux_armv7l.whl", hash = "sha256:8ff0b8767ddd62704e0d9571c1890af08d84a3a689ebba1807e62519d0b3277f", size = 6338720, upload-time = "2026-07-23T15:19:13.177Z" },
    { url = "https://files.pythonhosted.org/packages/21/cc/d14833d15d5984e366f1b027fa78bd038c9b028c66880bffb0f5a4d25ee2/grpcio-1.83.0-cp311-cp311-macosx_11_0_universal2.whl", hash = "sha256:4772402f43517b4824980be4b3b2274a81eec0004a70009473c31b340d43e223", size = 12178773, upload-time = "2026-07-23T15:19:15.401Z" },
    { url = "https://files.pythonhosted.org/packages/6b/98/8acbb416544e7871132d8e42a07ed70c802d70e6a16c6009e505a34d32a4/grpcio-1.83.0-cp311-cp311-manylinux2014_aarch64.manylinux_2_17_aarch64.whl", hash = "sha256:f4cee5fc86e84a0cf7ad1574b454c3320e087c07f55b7df5dc0ac6a873fb90c0", size = 6921203, upload-time = "2026-07-23T15:19:17.824Z" },
    { url = "https://files.pythonhosted.org/packages/45/9c/0fdbfaf4fc54e5c88f6bce4008a065092fe7fbc4460eb5617ae8b20fd505/grpcio-1.83.0-cp311-cp311-manylinux2014_i686.manylinux_2_17_i686.whl", hash = "sha256:f5e822a7e7d03282f6ad225e710493c48b9057a353358344a5f7c42b2b37618d", size = 7648508, upload-time = "2026-07-23T15:19:19.685Z" },
    { url = "https://files.pythonhosted.org/packages/f3/ea/107b9dbb2ed3ad14dd774fd3dde7d29ff9938a6c198654becb2c3a0e9a6a/grpcio-1.83.0-cp311-cp311-manylinux2014_x86_64.manylinux_2_17_x86_64.whl", hash = "sha256:f5f410d7c2903eabb34789dfd6342eef04af1ad459943936b7e09a9f5bd417b9", size = 7079466, upload-time = "2026-07-23T15:19:21.478Z" },
    { url = "https://files.pythonhosted.org/packages/3b/06/9fa9941089e6fae83b060b6ce61c1e81053e52decae43197245f45e07d36/grpcio-1.83.0-cp311-cp311-musllinux_1_2_aarch64.whl", hash = "sha256:ee94a4016fdf8699fb1fd8a38652475ff677f1c72074cee44deeeb9a7e95e745", size = 7605583, upload-time = "2026-07-23T15:19:23.74Z" },
    { url = "https://files.pythonhosted.org/packages/a8/2f/f10fb56062dc2771c630827a82d9ad0ecd05cad572ea3b08d49f6631680a/grpcio-1.83.0-cp311-cp311-musllinux_1_2_i686.whl", hash = "sha256:c6444666317338e903093c7c756e6cc88eee59f798cb8dd41e87725bf54e1617", size = 8637810, upload-time = "2026-07-23T15:19:25.536Z" },
    { url = "https://files.pythonhosted.org/packages/99/55/f84927258f6a1b6ea6dea661fdc6de859b35e560c96f3012d15ccd39f85e/grpcio-1.83.0-cp311-cp311-musllinux_1_2_x86_64.whl", hash = "sha256:aa074041231f03959cb097dd5517b0677b8ea49215bae01d5710a7b69dd59969", size = 8008021, upload-time = "2026-07-23T15:19:27.863Z" },
    { url = "https://files.pythonhosted.org/packages/c9/6b/cdf72161397ccd29d4ca2192f641524536c9cf54ad948c9dd0e0e01138fa/grpcio-1.83.0-cp311-cp311-win32.whl", hash = "sha256:cb056f6e171c42639a50460b2929c82241fda51f71cf3dcdd68090fe45095a45", size = 4404376, upload-time = "2026-07-23T15:19:30.137Z" },
    { url = "https://files.pythonhosted.org/packages/df/ed/e0ffeb4c848699c194dc9fb6a29ab29bcb2b6aac8c416bf18c51bfe8242c/grpcio-1.83.0-cp311-cp311-win_amd64.whl", hash = "sha256:7416952ca770477990257206276999056f8316d79196f2f25942393e58a20b49", size = 5164469, upload-time = "2026-07-23T15:19:31.941Z" },
    { url = "https://files.pythonhosted.org/packages/15/2b/51e32514a4e9b715375c99721aadff0f24164cc2049b8269eda4de82a814/grpcio-1.83.0-cp312-cp312-linux_armv7l.whl", hash = "sha256:28f6c35ac8fcf10e4594f138e468f194360089dde40d126a7033e863fc479930", size = 6303167, upload-time = "2026-07-23T15:19:33.78Z" },
    { url = "https://files.pythonhosted.org/packages/39/33/b5b50fc2c6fbe350e04814047bb2d409feec7b36ef8b170254c050e06bc0/grpcio-1.83.0-cp312-cp312-macosx_11_0_universal2.whl", hash = "sha256:33898e6a28e4ae598f1577cb1c4fec2a15c033d0ec52b9b45a09610dd045b9da", size = 12160538, upload-time = "2026-07-23T15:19:35.958Z" },
    { url = "https://files.pythonhosted.org/packages/7b/5f/734e72e7b9f79bcf0b2c270b8d3bca0e4ebb97a27a50d06240b145f6d41e/grpcio-1.83.0-cp312-cp312-manylinux2014_aarch64.manylinux_2_17_aarch64.whl", hash = "sha256:6fb8a1dd0c6f0f931e69e9d0dc6d1c406ed2a44fa963414eafba07b7fb685d16", size = 6869310, upload-time = "2026-07-23T15:19:38.607Z" },
    { url = "https://files.pythonhosted.org/packages/a4/17/a1735f215b2a5cd43c38b79eac072ad197e61be9829905b6b29550abd0db/grpcio-1.83.0-cp312-cp312-manylinux2014_i686.manylinux_2_17_i686.whl", hash = "sha256:2b5e75c34842cd9c1b95285ca395c6a569664b81e3ffa6b714125922942abaaf", size = 7613472, upload-time = "2026-07-23T15:19:40.645Z" },
    { url = "https://files.pythonhosted.org/packages/b2/78/c9e81f806ac704b6b145cb01628db398985b1f8dfdc10e23b55fb0902b3d/grpcio-1.83.0-cp312-cp312-manylinux2014_x86_64.manylinux_2_17_x86_64.whl", hash = "sha256:aeb339838db07600481ef869507279b75326c75eac6d10f7afa62a0da1d2bcdd", size = 7040616, upload-time = "2026-07-23T15:19:42.349Z" },
    { url = "https://files.pythonhosted.org/packages/9a/ba/94cd5af859876049d340480acbb61a959096c84b567f215534faa78d0424/grpcio-1.83.0-cp312-cp312-musllinux_1_2_aarch64.whl", hash = "sha256:f47d62808b4c0a97b78bff88a6d4ca283a2a492b9a04a87d814af95ca3b9c19c", size = 7570491, upload-time = "2026-07-23T15:19:44.357Z" },
    { url = "https://files.pythonhosted.org/packages/3e/15/108d30d5a5c964312ae8b9cb0e8cc5b3c1cc68d8f757cca52b3565534d26/grpcio-1.83.0-cp312-cp312-musllinux_1_2_i686.whl", hash = "sha256:62003babc444a606dcd1f009cd16391ce23669ae4ad6ec267a873da7937a69f5", size = 8605036, upload-time = "2026-07-23T15:19:46.454Z" },
    { url = "https://files.pythonhosted.org/packages/ea/23/3828ae13c3db8233d123ad612747665817b952d8a954f32390230b582336/grpcio-1.83.0-cp312-cp312-musllinux_1_2_x86_64.whl", hash = "sha256:1aa567f8c3f19850ffd5d2858c9a8ea7c80f0db6c01186b71eb31e923ec984f5", size = 7981587, upload-time = "2026-07-23T15:19:48.913Z" },
    { url = "https://files.pythonhosted.org/packages/17/5b/77af31228f55f55a2a5112bb0077ad0a1c4d23dbb0c2853a62475bbdcc14/grpcio-1.83.0-cp312-cp312-win32.whl", hash = "sha256:cb2906c61db4f9c64cc360054b5df70eeb81846228e9e56a4944bd415a63dadc", size = 4394004, upload-time = "2026-07-23T15:19:50.618Z" },
    { url = "https://files.pythonhosted.org/packages/c0/da/f706e39550e7a3732ce2b9c5926107a93d74a802775b19b642a6df27dc96/grpcio-1.83.0-cp312-cp312-win_amd64.whl", hash = "sha256:1c699bbb20f143c8f2bff219de578aa2dc1f919399d67dc702b038b986ee62df", size = 5158525, upload-time = "2026-07-23T15:19:52.246Z" },
    { url = "https://files.pythonhosted.org/packages/56/eb/135daaa713f32d33b8f99b4153b3f8dc3b2a124996ac15581bf9ebdad3c3/grpcio-1.83.0-cp313-cp313-linux_armv7l.whl", hash = "sha256:6662f3b1e07cc7493d437351860dc867bddc6a93c83ecf33bbfdaf0c217ab2d0", size = 6304480, upload-time = "2026-07-23T15:19:53.962Z" },
    { url = "https://files.pythonhosted.org/packages/8f/a1/121806ce69f23138dabe06aa595b0e5f1ae051a37e4c1954eed7d692c800/grpcio-1.83.0-cp313-cp313-macosx_11_0_universal2.whl", hash = "sha256:74fe6f9e8a35c7dbf32255ee154d15e3e5338a81ed39173d079d594d2e544cd1", size = 12154419, upload-time = "2026-07-23T15:19:56.3Z" },
    { url = "https://files.pythonhosted.org/packages/b0/e8/d0389e09cd6b4c4d3089b92967ae4e3ffd64795bd349bf2f85cd6656d3da/grpcio-1.83.0-cp313-cp313-manylinux2014_aarch64.manylinux_2_17_aarch64.whl", hash = "sha256:10b3fa0475eb572c9a81a6fe37fa16a9c500c0c91cfc148cac15692b7e3c2867", size = 6873200, upload-time = "2026-07-23T15:19:58.701Z" },
    { url = "https://files.pythonhosted.org/packages/f8/51/f464c1d211fa50d5adbabe1b2e519948d99c13757052bfc9ea7afa28e284/grpcio-1.83.0-cp313-cp313-manylinux2014_i686.manylinux_2_17_i686.whl", hash = "sha256:5f20a988480b0f28207f057f7f7ae1313393c3cef0adcfeae8248f9947eaf881", size = 7618811, upload-time = "2026-07-23T15:20:00.733Z" },
    { url = "https://files.pythonhosted.org/packages/e8/c0/539fe0832f2dd6500a28f5263071623fb34e8d4867aec632ccf81bd21156/grpcio-1.83.0-cp313-cp313-manylinux2014_x86_64.manylinux_2_17_x86_64.whl", hash = "sha256:7bd82671b39065ba18cd536e9cd45b27ff649053f81ddd2c6a966d595067080f", size = 7042310, upload-time = "2026-07-23T15:20:02.675Z" },
    { url = "https://files.pythonhosted.org/packages/8c/ca/ccf617d37ffa72567fa8e005ec7090c99da922799be2fb9847c8b21ca18c/grpcio-1.83.0-cp313-cp313-musllinux_1_2_aarch64.whl", hash = "sha256:bc60215b5cb9fc8ca72942c498b551ac2305bd08f6ef8d4e3f0d21b64fbecd61", size = 7575412, upload-time = "2026-07-23T15:20:04.712Z" },
    { url = "https://files.pythonhosted.org/packages/eb/b9/fd8d5245f823a8e0fd35d90e20ea3aa4acd47f8d5318fa8df307df52dec6/grpcio-1.83.0-cp313-cp313-musllinux_1_2_i686.whl", hash = "sha256:f1c3e5689d4b90987b1d72022bcfe866a9a3dc66197484cf856d96b6150e7f45", size = 8604248, upload-time = "2026-07-23T15:20:06.77Z" },
    { url = "https://files.pythonhosted.org/packages/14/1e/f37632fc11db72dfa4bba86c3a43e54358e53030df111ecae5e91a733ad6/grpcio-1.83.0-cp313-cp313-musllinux_1_2_x86_64.whl", hash = "sha256:a21cb4eeeba124443f399be2e8b624943cde864dcbe588cb42e5c483a52a906c", size = 7977458, upload-time = "2026-07-23T15:20:09.109Z" },
    { url = "https://files.pythonhosted.org/packages/93/b6/d70b69ae5c0cfc341b9ba474980e4ed99cbf05c0e4a14e9eee8cb73db0a5/grpcio-1.83.0-cp313-cp313-win32.whl", hash = "sha256:8fe04f1050a59f875601eb55d42b4f66946fe89817f967e34db1462ccd07dadf", size = 4393993, upload-time = "2026-07-23T15:20:11.017Z" },
    { url = "https://files.pythonhosted.org/packages/0f/13/45d4cccb555cf4c476226979bf3d2fd0b0254216f7564c3a053e35117efc/grpcio-1.83.0-cp313-cp313-win_amd64.whl", hash = "sha256:6e01ecd9d8ef280abe1365138a4dc318f9a5287f4cb1b41d07816f796653f735", size = 5159650, upload-time = "2026-07-23T15:20:12.979Z" },
    { url = "https://files.pythonhosted.org/packages/9c/60/f2cca8147ea213d3e43ae9158d03ad04e020fdf32ff027253e1fe93f921d/grpcio-1.83.0-cp314-cp314-linux_armv7l.whl", hash = "sha256:3f351629f6ae16ecc0ec3553e586a6763ffd9f6114044286d0cbec3e09241bfa", size = 6305607, upload-time = "2026-07-23T15:20:15.353Z" },
    { url = "https://files.pythonhosted.org/packages/d0/ab/d3874931d123a95e83a3ebf8aa04537988fb62425cedb8bf3cefc5ad41b2/grpcio-1.83.0-cp314-cp314-macosx_11_0_universal2.whl", hash = "sha256:d05ff664100d429335b93c91b8b34ddf9e94a112205e7fa06dede309e44a4e4c", size = 12166617, upload-time = "2026-07-23T15:20:17.435Z" },
    { url = "https://files.pythonhosted.org/packages/92/ff/6f18f9426b69306f4e00a9add3b0ee2748da8aad53836ef80cab0d62d04f/grpcio-1.83.0-cp314-cp314-manylinux2014_aarch64.manylinux_2_17_aarch64.whl", hash = "sha256:7936f2a56cf04f6514705c0fedf400971de01b6aa1719327e4718f410a765e2b", size = 6880213, upload-time = "2026-07-23T15:20:19.98Z" },
    { url = "https://files.pythonhosted.org/packages/70/21/706d1147c6b93b98f179240c13991fbcc56880eba0c868abb1ad40d8a0a6/grpcio-1.83.0-cp314-cp314-manylinux2014_i686.manylinux_2_17_i686.whl", hash = "sha256:b0a0be840e51b6b7ee9df9269770faf77bdf4b771053c257c21d12bad607714c", size = 7618335, upload-time = "2026-07-23T15:20:22.161Z" },
    { url = "https://files.pythonhosted.org/packages/74/04/1a8443c889115ec9e213a213e86bc93a71ee9088027e5befa09aaa0edd9d/grpcio-1.83.0-cp314-cp314-manylinux2014_x86_64.manylinux_2_17_x86_64.whl", hash = "sha256:009667eaf3dcd5224c713589cdc98e7ca4ed0ff0b61132c6b276e930eb83a2df", size = 7043416, upload-time = "2026-07-23T15:20:24.209Z" },
    { url = "https://files.pythonhosted.org/packages/86/c6/94e0fee5b12bc1da1370185b680988db6f739d19b42d9959db01a7ea50bf/grpcio-1.83.0-cp314-cp314-musllinux_1_2_aarch64.whl", hash = "sha256:bb669918fd88936b15599caff4160a77ab74bdeb25f2231f6e45b61282d6107b", size = 7583253, upload-time = "2026-07-23T15:20:26.313Z" },
    { url = "https://files.pythonhosted.org/packages/a0/97/de1ccb671fb85575bc5192faedf9ecdbdf5b390d2e6584dcf552bcbd370e/grpcio-1.83.0-cp314-cp314-musllinux_1_2_i686.whl", hash = "sha256:c19b454d3d3f28db81f2c7c4dbaee96e7f6fd149721733ffe79d6bc530f17404", size = 8605102, upload-time = "2026-07-23T15:20:28.437Z" },
    { url = "https://files.pythonhosted.org/packages/17/0f/0e0ec749a7034ffcbaa050e39779872950ead90c22e7e0116be3f28b2b46/grpcio-1.83.0-cp314-cp314-musllinux_1_2_x86_64.whl", hash = "sha256:61007cd08640abc5c54547ee32505474c482cd733a53cb87551ea81faa6350af", size = 7979826, upload-time = "2026-07-23T15:20:31.182Z" },
    { url = "https://files.pythonhosted.org/packages/83/fa/c3fda157287f64bc65acee6c5aa90c41acf9e0d3a8e69a265eecff6d00a1/grpcio-1.83.0-cp314-cp314-win32.whl", hash = "sha256:32e11c37f5285b0c6fa3042c05fe06903696689749833fc64e67dec71b9bbe33", size = 4471765, upload-time = "2026-07-23T15:20:33.195Z" },
    { url = "https://files.pythonhosted.org/packages/a1/00/b1b26431c9d54eee11724fd6e5585473a2ed47fbc1fb95e5204906a642ce/grpcio-1.83.0-cp314-cp314-win_amd64.whl", hash = "sha256:2bb48cb5e6dd005ca12b89ce4b6ac0b48ff3112c747542ee7986ef611a8ca6d9", size = 5298932, upload-time = "2026-07-23T15:20:35.48Z" },
]

[[package]]
name = "grpcio-tools"
version = "1.75.1"
source = { registry = "https://pypi.org/simple" }
dependencies = [
    { name = "grpcio" },
    { name = "protobuf" },
    { name = "setuptools" },
]
sdist = { url = "https://files.pythonhosted.org/packages/7d/76/0cd2a2bb379275c319544a3ab613dc3cea7a167503908c1b4de55f82bd9e/grpcio_tools-1.75.1.tar.gz", hash = "sha256:bb78960cf3d58941e1fec70cbdaccf255918beed13c34112a6915a6d8facebd1", size = 5390470, upload-time = "2025-09-26T09:10:11.948Z" }
wheels = [
    { url = "https://files.pythonhosted.org/packages/45/28/71ab934662d41ded4e451d9af0ec6f9aade3525e470fdfd10bd20e588e44/grpcio_tools-1.75.1-cp311-cp311-linux_armv7l.whl", hash = "sha256:f0635231feb70a9d551452829943a1a5fa651283e7a300aadc22df5ea5da696f", size = 2545461, upload-time = "2025-09-26T09:08:08.514Z" },
    { url = "https://files.pythonhosted.org/packages/69/40/d90f6fdb51f51b2a518401207b3920fcfdfa996ed7bca844096f111ed839/grpcio_tools-1.75.1-cp311-cp311-macosx_11_0_universal2.whl", hash = "sha256:626293296ef7e2d87ab1a80b81a55eef91883c65b59a97576099a28b9535100b", size = 5842958, upload-time = "2025-09-26T09:08:11.468Z" },
    { url = "https://files.pythonhosted.org/packages/b4/b7/52e6f32fd0101e3ac9c654a6441b254ba5874f146b543b20afbcb8246947/grpcio_tools-1.75.1-cp311-cp311-manylinux2014_aarch64.manylinux_2_17_aarch64.whl", hash = "sha256:071339d90f1faab332ce4919c815a10b9c3ed2c09473f550f686bf9cc148579f", size = 2591669, upload-time = "2025-09-26T09:08:13.481Z" },
    { url = "https://files.pythonhosted.org/packages/0a/3c/115c59a5c0c8e9d7d99a40bac8d5e91c05b6735b3bb185265d40e9fc4346/grpcio_tools-1.75.1-cp311-cp311-manylinux2014_i686.manylinux_2_17_i686.whl", hash = "sha256:44195f58c052fa935b78c7438c85cbcd4b273dd685028e4f6d4d7b30d47daad1", size = 2904952, upload-time = "2025-09-26T09:08:15.299Z" },
    { url = "https://files.pythonhosted.org/packages/a9/cd/d2a3583a5b1d71da88f7998f20fb5a0b6fe5bb96bb916a610c29269063b6/grpcio_tools-1.75.1-cp311-cp311-manylinux2014_x86_64.manylinux_2_17_x86_64.whl", hash = "sha256:860fafdb85726029d646c99859ff7bdca5aae61b5ff038c3bd355fc1ec6b2764", size = 2656311, upload-time = "2025-09-26T09:08:17.094Z" },
    { url = "https://files.pythonhosted.org/packages/aa/09/67b9215d39add550e430c9677bd43c9a315da07ab62fa3a5f44f1cf5bb75/grpcio_tools-1.75.1-cp311-cp311-musllinux_1_2_aarch64.whl", hash = "sha256:4559547a0cb3d3db1b982eea87d4656036339b400f48127fef932210672fb59e", size = 3105583, upload-time = "2025-09-26T09:08:19.179Z" },
    { url = "https://files.pythonhosted.org/packages/98/d7/d400b90812470f3dc2466964e62fc03592de46b5c824c82ef5303be60167/grpcio_tools-1.75.1-cp311-cp311-musllinux_1_2_i686.whl", hash = "sha256:9af65a310807d7f36a8f7cddea142fe97d6dffba74444f38870272f2e5a3a06b", size = 3654677, upload-time = "2025-09-26T09:08:21.227Z" },
    { url = "https://files.pythonhosted.org/packages/9c/93/edf6de71b4f936b3f09461a3286db1f902c6366c5de06ef19a8c2523034a/grpcio_tools-1.75.1-cp311-cp311-musllinux_1_2_x86_64.whl", hash = "sha256:8c1de31aefc0585d2f915a7cd0994d153547495b8d79c44c58048a3ede0b65be", size = 3322147, upload-time = "2025-09-26T09:08:23.08Z" },
    { url = "https://files.pythonhosted.org/packages/80/00/0f8c6204e34070e7d4f344b27e4b1b0320dfdd94574f79738a43504d182e/grpcio_tools-1.75.1-cp311-cp311-win32.whl", hash = "sha256:efaf95fcaa5d3ac1bcfe44ceed9e2512eb95b5c8c476569bdbbe2bee4b59c8a9", size = 993388, upload-time = "2025-09-26T09:08:24.708Z" },
    { url = "https://files.pythonhosted.org/packages/b0/ae/6f738154980f606293988a64ef4bb0ea2bb12029a4529464aac56fe2ab99/grpcio_tools-1.75.1-cp311-cp311-win_amd64.whl", hash = "sha256:7cefe76fc35c825f0148d60d2294a527053d0f5dd6a60352419214a8c53223c9", size = 1157907, upload-time = "2025-09-26T09:08:26.537Z" },
    { url = "https://files.pythonhosted.org/packages/ef/a7/581bb204d19a347303ed5e25b19f7d8c6365a28c242fca013d1d6d78ad7e/grpcio_tools-1.75.1-cp312-cp312-linux_armv7l.whl", hash = "sha256:49b68936cf212052eeafa50b824e17731b78d15016b235d36e0d32199000b14c", size = 2546099, upload-time = "2025-09-26T09:08:28.794Z" },
    { url = "https://files.pythonhosted.org/packages/9f/59/ab65998eba14ff9d292c880f6a276fe7d0571bba3bb4ddf66aca1f8438b5/grpcio_tools-1.75.1-cp312-cp312-macosx_11_0_universal2.whl", hash = "sha256:08cb6e568e58b76a2178ad3b453845ff057131fff00f634d7e15dcd015cd455b", size = 5839838, upload-time = "2025-09-26T09:08:31.038Z" },
    { url = "https://files.pythonhosted.org/packages/7e/65/7027f71069b4c1e8c7b46de8c46c297c9d28ef6ed4ea0161e8c82c75d1d0/grpcio_tools-1.75.1-cp312-cp312-manylinux2014_aarch64.manylinux_2_17_aarch64.whl", hash = "sha256:168402ad29a249092673079cf46266936ec2fb18d4f854d96e9c5fa5708efa39", size = 2592916, upload-time = "2025-09-26T09:08:33.216Z" },
    { url = "https://files.pythonhosted.org/packages/0f/84/1abfb3c679b78c7fca7524031cf9de4c4c509c441b48fd26291ac16dd1af/grpcio_tools-1.75.1-cp312-cp312-manylinux2014_i686.manylinux_2_17_i686.whl", hash = "sha256:bbae11c29fcf450730f021bfc14b12279f2f985e2e493ccc2f133108728261db", size = 2905276, upload-time = "2025-09-26T09:08:35.691Z" },
    { url = "https://files.pythonhosted.org/packages/99/cd/7f9e05f1eddccb61bc0ead1e49eb2222441957b02ed11acfcd2f795b03a8/grpcio_tools-1.75.1-cp312-cp312-manylinux2014_x86_64.manylinux_2_17_x86_64.whl", hash = "sha256:38c6c7d5d4800f636ee691cd073db1606d1a6a76424ca75c9b709436c9c20439", size = 2656424, upload-time = "2025-09-26T09:08:38.255Z" },
    { url = "https://files.pythonhosted.org/packages/29/1d/8b7852771c2467728341f7b9c3ca4ebc76e4e23485c6a3e6d97a8323ad2a/grpcio_tools-1.75.1-cp312-cp312-musllinux_1_2_aarch64.whl", hash = "sha256:626f6a61a8f141dde9a657775854d1c0d99509f9a2762b82aa401a635f6ec73d", size = 3108985, upload-time = "2025-09-26T09:08:40.291Z" },
    { url = "https://files.pythonhosted.org/packages/c2/6a/069da89cdf2e97e4558bfceef5b60bf0ef200c443b465e7691869006dd32/grpcio_tools-1.75.1-cp312-cp312-musllinux_1_2_i686.whl", hash = "sha256:f61a8334ae38d4f98c744a732b89527e5af339d17180e25fff0676060f8709b7", size = 3657940, upload-time = "2025-09-26T09:08:42.437Z" },
    { url = "https://files.pythonhosted.org/packages/c3/e4/ca8dae800c084beb89e2720346f70012d36dfb9df02d8eacd518c06cf4a0/grpcio_tools-1.75.1-cp312-cp312-musllinux_1_2_x86_64.whl", hash = "sha256:bd0c3fb40d89a1e24a41974e77c7331e80396ab7cde39bc396a13d6b5e2a750b", size = 3324878, upload-time = "2025-09-26T09:08:45.083Z" },
    { url = "https://files.pythonhosted.org/packages/58/06/cbe923679309bf970923f4a11351ea9e485291b504d7243130fdcfdcb03f/grpcio_tools-1.75.1-cp312-cp312-win32.whl", hash = "sha256:004bc5327593eea48abd03be3188e757c3ca0039079587a6aac24275127cac20", size = 993071, upload-time = "2025-09-26T09:08:46.785Z" },
    { url = "https://files.pythonhosted.org/packages/7c/0c/84d6be007262c5d88a590082f3a1fe62d4b0eeefa10c6cdb3548f3663e80/grpcio_tools-1.75.1-cp312-cp312-win_amd64.whl", hash = "sha256:23952692160b5fe7900653dfdc9858dc78c2c42e15c27e19ee780c8917ba6028", size = 1157506, upload-time = "2025-09-26T09:08:48.844Z" },
    { url = "https://files.pythonhosted.org/packages/47/fa/624bbe1b2ccf4f6044bf3cd314fe2c35f78f702fcc2191dc65519baddca4/grpcio_tools-1.75.1-cp313-cp313-linux_armv7l.whl", hash = "sha256:ca9e116aab0ecf4365fc2980f2e8ae1b22273c3847328b9a8e05cbd14345b397", size = 2545752, upload-time = "2025-09-26T09:08:51.433Z" },
    { url = "https://files.pythonhosted.org/packages/b9/4c/6d884e2337feff0a656e395338019adecc3aa1daeae9d7e8eb54340d4207/grpcio_tools-1.75.1-cp313-cp313-macosx_11_0_universal2.whl", hash = "sha256:9fe87a926b65eb7f41f8738b6d03677cc43185ff77a9d9b201bdb2f673f3fa1e", size = 5838163, upload-time = "2025-09-26T09:08:53.858Z" },
    { url = "https://files.pythonhosted.org/packages/d1/2a/2ba7b6911a754719643ed92ae816a7f989af2be2882b9a9e1f90f4b0e882/grpcio_tools-1.75.1-cp313-cp313-manylinux2014_aarch64.manylinux_2_17_aarch64.whl", hash = "sha256:45503a6094f91b3fd31c3d9adef26ac514f102086e2a37de797e220a6791ee87", size = 2592148, upload-time = "2025-09-26T09:08:55.86Z" },
    { url = "https://files.pythonhosted.org/packages/88/db/fa613a45c3c7b00f905bd5ad3a93c73194724d0a2dd72adae3be32983343/grpcio_tools-1.75.1-cp313-cp313-manylinux2014_i686.manylinux_2_17_i686.whl", hash = "sha256:b01b60b3de67be531a39fd869d7613fa8f178aff38c05e4d8bc2fc530fa58cb5", size = 2905215, upload-time = "2025-09-26T09:08:58.27Z" },
    { url = "https://files.pythonhosted.org/packages/d7/0c/ee4786972bb82f60e4f313bb2227c79c2cd20eb13c94c0263067923cfd12/grpcio_tools-1.75.1-cp313-cp313-manylinux2014_x86_64.manylinux_2_17_x86_64.whl", hash = "sha256:09e2b9b9488735514777d44c1e4eda813122d2c87aad219f98d5d49b359a8eab", size = 2656251, upload-time = "2025-09-26T09:09:00.249Z" },
    { url = "https://files.pythonhosted.org/packages/77/f1/cc5a50658d705d0b71ff8a4fbbfcc6279d3c95731a2ef7285e13dc40e2fe/grpcio_tools-1.75.1-cp313-cp313-musllinux_1_2_aarch64.whl", hash = "sha256:55e60300e62b220fabe6f062fe69f143abaeff3335f79b22b56d86254f3c3c80", size = 3108911, upload-time = "2025-09-26T09:09:02.515Z" },
    { url = "https://files.pythonhosted.org/packages/09/d8/43545f77c4918e778e90bc2c02b3462ac71cee14f29d85cdb69b089538eb/grpcio_tools-1.75.1-cp313-cp313-musllinux_1_2_i686.whl", hash = "sha256:49ce00fcc6facbbf52bf376e55b8e08810cecd03dab0b3a2986d73117c6f6ee4", size = 3657021, upload-time = "2025-09-26T09:09:05.331Z" },
    { url = "https://files.pythonhosted.org/packages/fc/0b/2ae5925374b66bc8df5b828eff1a5f9459349c83dae1773f0aa9858707e6/grpcio_tools-1.75.1-cp313-cp313-musllinux_1_2_x86_64.whl", hash = "sha256:71e95479aea868f8c8014d9dc4267f26ee75388a0d8a552e1648cfa0b53d24b4", size = 3324450, upload-time = "2025-09-26T09:09:07.867Z" },
    { url = "https://files.pythonhosted.org/packages/6e/53/9f887bacbecf892ac5b0b282477ca8cfa5b73911b04259f0d88b52e9a055/grpcio_tools-1.75.1-cp313-cp313-win32.whl", hash = "sha256:fff9d2297416eae8861e53154ccf70a19994e5935e6c8f58ebf431f81cbd8d12", size = 992434, upload-time = "2025-09-26T09:09:09.966Z" },
    { url = "https://files.pythonhosted.org/packages/a5/f0/9979d97002edffdc2a88e5f2e0dccea396dd4a6eab34fa2f705fe43eae2f/grpcio_tools-1.75.1-cp313-cp313-win_amd64.whl", hash = "sha256:1849ddd508143eb48791e81d42ddc924c554d1b4900e06775a927573a8d4267f", size = 1157069, upload-time = "2025-09-26T09:09:12.287Z" },
    { url = "https://files.pythonhosted.org/packages/a6/0b/4ff4ead293f2b016668628a240937828444094778c8037d2bbef700e9097/grpcio_tools-1.75.1-cp314-cp314-linux_armv7l.whl", hash = "sha256:f281b594489184b1f9a337cdfed1fc1ddb8428f41c4b4023de81527e90b38e1e", size = 2545868, upload-time = "2025-09-26T09:09:14.716Z" },
    { url = "https://files.pythonhosted.org/packages/0e/78/aa6bf73a18de5357c01ef87eea92150931586b25196fa4df197a37bae11d/grpcio_tools-1.75.1-cp314-cp314-macosx_11_0_universal2.whl", hash = "sha256:becf8332f391abc62bf4eea488b63be063d76a7cf2ef00b2e36c617d9ee9216b", size = 5838010, upload-time = "2025-09-26T09:09:20.415Z" },
    { url = "https://files.pythonhosted.org/packages/99/65/7eaad673bc971af45e079d3b13c20d9ba9842b8788d31953e3234c2e2cee/grpcio_tools-1.75.1-cp314-cp314-manylinux2014_aarch64.manylinux_2_17_aarch64.whl", hash = "sha256:a08330f24e5cd7b39541882a95a8ba04ffb4df79e2984aa0cd01ed26dcdccf49", size = 2593170, upload-time = "2025-09-26T09:09:22.889Z" },
    { url = "https://files.pythonhosted.org/packages/e4/db/57e1e29e9186c7ed223ce8a9b609d3f861c4db015efb643dfe60b403c137/grpcio_tools-1.75.1-cp314-cp314-manylinux2014_i686.manylinux_2_17_i686.whl", hash = "sha256:6bf3742bd8f102630072ed317d1496f31c454cd85ad19d37a68bd85bf9d5f8b9", size = 2905167, upload-time = "2025-09-26T09:09:25.96Z" },
    { url = "https://files.pythonhosted.org/packages/cd/7b/894f891f3cf19812192f8bbf1e0e1c958055676ecf0a5466a350730a006d/grpcio_tools-1.75.1-cp314-cp314-manylinux2014_x86_64.manylinux_2_17_x86_64.whl", hash = "sha256:f26028949474feb380460ce52d9d090d00023940c65236294a66c42ac5850e8b", size = 2656210, upload-time = "2025-09-26T09:09:28.786Z" },
    { url = "https://files.pythonhosted.org/packages/99/76/8e48427da93ef243c09629969c7b5a2c59dceb674b6b623c1f5fbaa5c8c5/grpcio_tools-1.75.1-cp314-cp314-musllinux_1_2_aarch64.whl", hash = "sha256:1bd68fb98bf08f11b6c3210834a14eefe585bad959bdba38e78b4ae3b04ba5bd", size = 3109226, upload-time = "2025-09-26T09:09:31.307Z" },
    { url = "https://files.pythonhosted.org/packages/b3/7e/ecf71c316c2a88c2478b7c6372d0f82d05f07edbf0f31b6da613df99ec7c/grpcio_tools-1.75.1-cp314-cp314-musllinux_1_2_i686.whl", hash = "sha256:f1496e21586193da62c3a73cd16f9c63c5b3efd68ff06dab96dbdfefa90d40bf", size = 3657139, upload-time = "2025-09-26T09:09:35.043Z" },
    { url = "https://files.pythonhosted.org/packages/6f/f3/b2613e81da2085f40a989c0601ec9efc11e8b32fcb71b1234b64a18af830/grpcio_tools-1.75.1-cp314-cp314-musllinux_1_2_x86_64.whl", hash = "sha256:14a78b1e36310cdb3516cdf9ee2726107875e0b247e2439d62fc8dc38cf793c1", size = 3324513, upload-time = "2025-09-26T09:09:37.44Z" },
    { url = "https://files.pythonhosted.org/packages/9a/1f/2df4fa8634542524bc22442ffe045d41905dae62cc5dd14408b80c5ac1b8/grpcio_tools-1.75.1-cp314-cp314-win32.whl", hash = "sha256:0e6f916daf222002fb98f9a6f22de0751959e7e76a24941985cc8e43cea77b50", size = 1015283, upload-time = "2025-09-26T09:09:39.461Z" },
    { url = "https://files.pythonhosted.org/packages/23/4f/f27c973ff50486a70be53a3978b6b0244398ca170a4e19d91988b5295d92/grpcio_tools-1.75.1-cp314-cp314-win_amd64.whl", hash = "sha256:878c3b362264588c45eba57ce088755f8b2b54893d41cc4a68cdeea62996da5c", size = 1189364, upload-time = "2025-09-26T09:09:42.036Z" },
]

[[package]]
name = "iniconfig"
version = "2.3.0"
source = { registry = "https://pypi.org/simple" }
sdist = { url = "https://files.pythonhosted.org/packages/72/34/14ca021ce8e5dfedc35312d08ba8bf51fdd999c576889fc2c24cb97f4f10/iniconfig-2.3.0.tar.gz", hash = "sha256:c76315c77db068650d49c5b56314774a7804df16fee4402c1f19d6d15d8c4730", size = 20503, upload-time = "2025-10-18T21:55:43.219Z" }
wheels = [
    { url = "https://files.pythonhosted.org/packages/cb/b1/3846dd7f199d53cb17f49cba7e651e9ce294d8497c8c150530ed11865bb8/iniconfig-2.3.0-py3-none-any.whl", hash = "sha256:f631c04d2c48c52b84d0d0549c99ff3859c98df65b3101406327ecc7d53fbf12", size = 7484, upload-time = "2025-10-18T21:55:41.639Z" },
]

[[package]]
name = "packaging"
version = "26.3"
source = { registry = "https://pypi.org/simple" }
sdist = { url = "https://files.pythonhosted.org/packages/7d/fa/3944b40b07da9ce895c0e6303a5ab7d53da063554f534556b134a54d6093/packaging-26.3.tar.gz", hash = "sha256:94edc256424af38762eb31306eed28beb9f0efc50a8837492c9d6fd6004aed79", size = 313412, upload-time = "2026-08-04T18:15:28.737Z" }
wheels = [
    { url = "https://files.pythonhosted.org/packages/63/34/ba1c580383c9eada3711951fef0795c80b829a078d72188184bcab9dd527/packaging-26.3-py3-none-any.whl", hash = "sha256:d7193f7c8e4e93f444fde0262bf90af30e16fa0ad0ad44cb553c87339b23cd1c", size = 129956, upload-time = "2026-08-04T18:15:27.159Z" },
]

[[package]]
name = "pluggy"
version = "1.6.0"
source = { registry = "https://pypi.org/simple" }
sdist = { url = "https://files.pythonhosted.org/packages/f9/e2/3e91f31a7d2b083fe6ef3fa267035b518369d9511ffab804f839851d2779/pluggy-1.6.0.tar.gz", hash = "sha256:7dcc130b76258d33b90f61b658791dede3486c3e6bfb003ee5c9bfb396dd22f3", size = 69412, upload-time = "2025-05-15T12:30:07.975Z" }
wheels = [
    { url = "https://files.pythonhosted.org/packages/54/20/4d324d65cc6d9205fabedc306948156824eb9f0ee1633355a8f7ec5c66bf/pluggy-1.6.0-py3-none-any.whl", hash = "sha256:e920276dd6813095e9377c0bc5566d94c932c33b27a3e3945d8389c374dd4746", size = 20538, upload-time = "2025-05-15T12:30:06.134Z" },
]

[[package]]
name = "protobuf"
version = "6.32.1"
source = { registry = "https://pypi.org/simple" }
sdist = { url = "https://files.pythonhosted.org/packages/fa/a4/cc17347aa2897568beece2e674674359f911d6fe21b0b8d6268cd42727ac/protobuf-6.32.1.tar.gz", hash = "sha256:ee2469e4a021474ab9baafea6cd070e5bf27c7d29433504ddea1a4ee5850f68d", size = 440635, upload-time = "2025-09-11T21:38:42.935Z" }
wheels = [
    { url = "https://files.pythonhosted.org/packages/c0/98/645183ea03ab3995d29086b8bf4f7562ebd3d10c9a4b14ee3f20d47cfe50/protobuf-6.32.1-cp310-abi3-win32.whl", hash = "sha256:a8a32a84bc9f2aad712041b8b366190f71dde248926da517bde9e832e4412085", size = 424411, upload-time = "2025-09-11T21:38:27.427Z" },
    { url = "https://files.pythonhosted.org/packages/8c/f3/6f58f841f6ebafe076cebeae33fc336e900619d34b1c93e4b5c97a81fdfa/protobuf-6.32.1-cp310-abi3-win_amd64.whl", hash = "sha256:b00a7d8c25fa471f16bc8153d0e53d6c9e827f0953f3c09aaa4331c718cae5e1", size = 435738, upload-time = "2025-09-11T21:38:30.959Z" },
    { url = "https://files.pythonhosted.org/packages/10/56/a8a3f4e7190837139e68c7002ec749190a163af3e330f65d90309145a210/protobuf-6.32.1-cp39-abi3-macosx_10_9_universal2.whl", hash = "sha256:d8c7e6eb619ffdf105ee4ab76af5a68b60a9d0f66da3ea12d1640e6d8dab7281", size = 426454, upload-time = "2025-09-11T21:38:34.076Z" },
    { url = "https://files.pythonhosted.org/packages/3f/be/8dd0a927c559b37d7a6c8ab79034fd167dcc1f851595f2e641ad62be8643/protobuf-6.32.1-cp39-abi3-manylinux2014_aarch64.whl", hash = "sha256:2f5b80a49e1eb7b86d85fcd23fe92df154b9730a725c3b38c4e43b9d77018bf4", size = 322874, upload-time = "2025-09-11T21:38:35.509Z" },
    { url = "https://files.pythonhosted.org/packages/5c/f6/88d77011b605ef979aace37b7703e4eefad066f7e84d935e5a696515c2dd/protobuf-6.32.1-cp39-abi3-manylinux2014_x86_64.whl", hash = "sha256:b1864818300c297265c83a4982fd3169f97122c299f56a56e2445c3698d34710", size = 322013, upload-time = "2025-09-11T21:38:37.017Z" },
    { url = "https://files.pythonhosted.org/packages/97/b7/15cc7d93443d6c6a84626ae3258a91f4c6ac8c0edd5df35ea7658f71b79c/protobuf-6.32.1-py3-none-any.whl", hash = "sha256:2601b779fc7d32a866c6b4404f9d42a3f67c5b9f3f15b4db3cccabe06b95c346", size = 169289, upload-time = "2025-09-11T21:38:41.234Z" },
]

[[package]]
name = "pygments"
version = "2.20.0"
source = { registry = "https://pypi.org/simple" }
sdist = { url = "https://files.pythonhosted.org/packages/c3/b2/bc9c9196916376152d655522fdcebac55e66de6603a76a02bca1b6414f6c/pygments-2.20.0.tar.gz", hash = "sha256:6757cd03768053ff99f3039c1a36d6c0aa0b263438fcab17520b30a303a82b5f", size = 4955991, upload-time = "2026-03-29T13:29:33.898Z" }
wheels = [
    { url = "https://files.pythonhosted.org/packages/f4/7e/a72dd26f3b0f4f2bf1dd8923c85f7ceb43172af56d63c7383eb62b332364/pygments-2.20.0-py3-none-any.whl", hash = "sha256:81a9e26dd42fd28a23a2d169d86d7ac03b46e2f8b59ed4698fb4785f946d0176", size = 1231151, upload-time = "2026-03-29T13:29:30.038Z" },
]

[[package]]
name = "pytest"
version = "8.4.2"
source = { registry = "https://pypi.org/simple" }
dependencies = [
    { name = "colorama", marker = "sys_platform == 'win32'" },
    { name = "iniconfig" },
    { name = "packaging" },
    { name = "pluggy" },
    { name = "pygments" },
]
sdist = { url = "https://files.pythonhosted.org/packages/a3/5c/00a0e072241553e1a7496d638deababa67c5058571567b92a7eaa258397c/pytest-8.4.2.tar.gz", hash = "sha256:86c0d0b93306b961d58d62a4db4879f27fe25513d4b969df351abdddb3c30e01", size = 1519618, upload-time = "2025-09-04T14:34:22.711Z" }
wheels = [
    { url = "https://files.pythonhosted.org/packages/a8/a4/20da314d277121d6534b3a980b29035dcd51e6744bd79075a6ce8fa4eb8d/pytest-8.4.2-py3-none-any.whl", hash = "sha256:872f880de3fc3a5bdc88a11b39c9710c3497a547cfa9320bc3c5e62fbf272e79", size = 365750, upload-time = "2025-09-04T14:34:20.226Z" },
]

[[package]]
name = "pytest-asyncio"
version = "1.2.0"
source = { registry = "https://pypi.org/simple" }
dependencies = [
    { name = "pytest" },
    { name = "typing-extensions", marker = "python_full_version < '3.13'" },
]
sdist = { url = "https://files.pythonhosted.org/packages/42/86/9e3c5f48f7b7b638b216e4b9e645f54d199d7abbbab7a64a13b4e12ba10f/pytest_asyncio-1.2.0.tar.gz", hash = "sha256:c609a64a2a8768462d0c99811ddb8bd2583c33fd33cf7f21af1c142e824ffb57", size = 50119, upload-time = "2025-09-12T07:33:53.816Z" }
wheels = [
    { url = "https://files.pythonhosted.org/packages/04/93/2fa34714b7a4ae72f2f8dad66ba17dd9a2c793220719e736dda28b7aec27/pytest_asyncio-1.2.0-py3-none-any.whl", hash = "sha256:8e17ae5e46d8e7efe51ab6494dd2010f4ca8dae51652aa3c8d55acf50bfb2e99", size = 15095, upload-time = "2025-09-12T07:33:52.639Z" },
]

[[package]]
name = "pywin32"
version = "311"
source = { registry = "https://pypi.org/simple" }
wheels = [
    { url = "https://files.pythonhosted.org/packages/7c/af/449a6a91e5d6db51420875c54f6aff7c97a86a3b13a0b4f1a5c13b988de3/pywin32-311-cp311-cp311-win32.whl", hash = "sha256:184eb5e436dea364dcd3d2316d577d625c0351bf237c4e9a5fabbcfa5a58b151", size = 8697031, upload-time = "2025-07-14T20:13:13.266Z" },
    { url = "https://files.pythonhosted.org/packages/51/8f/9bb81dd5bb77d22243d33c8397f09377056d5c687aa6d4042bea7fbf8364/pywin32-311-cp311-cp311-win_amd64.whl", hash = "sha256:3ce80b34b22b17ccbd937a6e78e7225d80c52f5ab9940fe0506a1a16f3dab503", size = 9508308, upload-time = "2025-07-14T20:13:15.147Z" },
    { url = "https://files.pythonhosted.org/packages/44/7b/9c2ab54f74a138c491aba1b1cd0795ba61f144c711daea84a88b63dc0f6c/pywin32-311-cp311-cp311-win_arm64.whl", hash = "sha256:a733f1388e1a842abb67ffa8e7aad0e70ac519e09b0f6a784e65a136ec7cefd2", size = 8703930, upload-time = "2025-07-14T20:13:16.945Z" },
    { url = "https://files.pythonhosted.org/packages/e7/ab/01ea1943d4eba0f850c3c61e78e8dd59757ff815ff3ccd0a84de5f541f42/pywin32-311-cp312-cp312-win32.whl", hash = "sha256:750ec6e621af2b948540032557b10a2d43b0cee2ae9758c54154d711cc852d31", size = 8706543, upload-time = "2025-07-14T20:13:20.765Z" },
    { url = "https://files.pythonhosted.org/packages/d1/a8/a0e8d07d4d051ec7502cd58b291ec98dcc0c3fff027caad0470b72cfcc2f/pywin32-311-cp312-cp312-win_amd64.whl", hash = "sha256:b8c095edad5c211ff31c05223658e71bf7116daa0ecf3ad85f3201ea3190d067", size = 9495040, upload-time = "2025-07-14T20:13:22.543Z" },
    { url = "https://files.pythonhosted.org/packages/ba/3a/2ae996277b4b50f17d61f0603efd8253cb2d79cc7ae159468007b586396d/pywin32-311-cp312-cp312-win_arm64.whl", hash = "sha256:e286f46a9a39c4a18b319c28f59b61de793654af2f395c102b4f819e584b5852", size = 8710102, upload-time = "2025-07-14T20:13:24.682Z" },
    { url = "https://files.pythonhosted.org/packages/a5/be/3fd5de0979fcb3994bfee0d65ed8ca9506a8a1260651b86174f6a86f52b3/pywin32-311-cp313-cp313-win32.whl", hash = "sha256:f95ba5a847cba10dd8c4d8fefa9f2a6cf283b8b88ed6178fa8a6c1ab16054d0d", size = 8705700, upload-time = "2025-07-14T20:13:26.471Z" },
    { url = "https://files.pythonhosted.org/packages/e3/28/e0a1909523c6890208295a29e05c2adb2126364e289826c0a8bc7297bd5c/pywin32-311-cp313-cp313-win_amd64.whl", hash = "sha256:718a38f7e5b058e76aee1c56ddd06908116d35147e133427e59a3983f703a20d", size = 9494700, upload-time = "2025-07-14T20:13:28.243Z" },
    { url = "https://files.pythonhosted.org/packages/04/bf/90339ac0f55726dce7d794e6d79a18a91265bdf3aa70b6b9ca52f35e022a/pywin32-311-cp313-cp313-win_arm64.whl", hash = "sha256:7b4075d959648406202d92a2310cb990fea19b535c7f4a78d3f5e10b926eeb8a", size = 8709318, upload-time = "2025-07-14T20:13:30.348Z" },
    { url = "https://files.pythonhosted.org/packages/c9/31/097f2e132c4f16d99a22bfb777e0fd88bd8e1c634304e102f313af69ace5/pywin32-311-cp314-cp314-win32.whl", hash = "sha256:b7a2c10b93f8986666d0c803ee19b5990885872a7de910fc460f9b0c2fbf92ee", size = 8840714, upload-time = "2025-07-14T20:13:32.449Z" },
    { url = "https://files.pythonhosted.org/packages/90/4b/07c77d8ba0e01349358082713400435347df8426208171ce297da32c313d/pywin32-311-cp314-cp314-win_amd64.whl", hash = "sha256:3aca44c046bd2ed8c90de9cb8427f581c479e594e99b5c0bb19b29c10fd6cb87", size = 9656800, upload-time = "2025-07-14T20:13:34.312Z" },
    { url = "https://files.pythonhosted.org/packages/c0/d2/21af5c535501a7233e734b8af901574572da66fcc254cb35d0609c9080dd/pywin32-311-cp314-cp314-win_arm64.whl", hash = "sha256:a508e2d9025764a8270f93111a970e1d0fbfc33f4153b388bb649b7eec4f9b42", size = 8932540, upload-time = "2025-07-14T20:13:36.379Z" },
]

[[package]]
name = "seeed-hal"
version = "0.5.0rc1"
source = { editable = "." }
dependencies = [
    { name = "protobuf" },
    { name = "pywin32", marker = "sys_platform == 'win32'" },
]

[package.dev-dependencies]
dev = [
    { name = "grpcio-tools" },
    { name = "pytest" },
    { name = "pytest-asyncio" },
]

[package.metadata]
requires-dist = [
    { name = "protobuf", specifier = "==6.32.1" },
    { name = "pywin32", marker = "sys_platform == 'win32'", specifier = "==311" },
]

[package.metadata.requires-dev]
dev = [
    { name = "grpcio-tools", specifier = "==1.75.1" },
    { name = "pytest", specifier = "==8.4.2" },
    { name = "pytest-asyncio", specifier = "==1.2.0" },
]

[[package]]
name = "setuptools"
version = "84.0.0"
source = { registry = "https://pypi.org/simple" }
sdist = { url = "https://files.pythonhosted.org/packages/6d/44/f5da03a8ef95d369145c5bb53050e7877c9f3d312e128605fd9504829143/setuptools-84.0.0.tar.gz", hash = "sha256:f4695c21257f0d9b537ec2692c941d02ee143b7cc1276941349a546573b2ef73", size = 1168449, upload-time = "2026-08-08T18:27:58.365Z" }
wheels = [
    { url = "https://files.pythonhosted.org/packages/95/9c/c510029fc6ef33a6275cd2c5d3cecd6613dfd6aa401d57c54f1c18852ccf/setuptools-84.0.0-py3-none-any.whl", hash = "sha256:51a52592b3b99e102b609654876bd65f19f999935166d1352678931132b0c670", size = 818216, upload-time = "2026-08-08T18:27:56.719Z" },
]

[[package]]
name = "typing-extensions"
version = "4.16.0"
source = { registry = "https://pypi.org/simple" }
sdist = { url = "https://files.pythonhosted.org/packages/f6/cc/6253133b5bb138fc3306cebfbda2c520f545d36b5be2c7255cc528bb45d6/typing_extensions-4.16.0.tar.gz", hash = "sha256:dc983d19a509c94dba722ee6abd33940f7c05a89e243c47e907eb4db6f1a43e5", size = 113555, upload-time = "2026-07-02T08:40:05.92Z" }
wheels = [
    { url = "https://files.pythonhosted.org/packages/49/d3/b8441a820a491ddfc024b0b0cf0393375b75ea13866d9c66727e54c2fc80/typing_extensions-4.16.0-py3-none-any.whl", hash = "sha256:481caa481374e813c1b176ada14e97f1f67a4539ce9cfeb3f350d78d6370c2e8", size = 45571, upload-time = "2026-07-02T08:40:04.659Z" },
]
